// !$*UTF8*$!
{
	archiveVersion = 1;
	classes = {
	};
	objectVersion = 55;
	objects = {

/* Begin PBXBuildFile section */
		4C4D7AC927D4E8B4002B4CA6 /* README.md in Resources */ = {isa = PBXBuildFile; fileRef = 4C4D7AC827D4E8B4002B4CA6 /* README.md */; };
		4C4D7ACB27D4EC72002B4CA6 /* LICENSE in Resources */ = {isa = PBXBuildFile; fileRef = 4C4D7ACA27D4EC72002B4CA6 /* LICENSE */; };
		4C4D7ACF27D517CE002B4CA6 /* AudioVariables.gif in Resources */ = {isa = PBXBuildFile; fileRef = 4C4D7ACE27D517CD002B4CA6 /* AudioVariables.gif */; };
		4CCB327027D4975F002F5EDA /* AudioVariablesApp.swift in Sources */ = {isa = PBXBuildFile; fileRef = 4CCB326F27D4975F002F5EDA /* AudioVariablesApp.swift */; };
		4CCB327227D4975F002F5EDA /* ContentView.swift in Sources */ = {isa = PBXBuildFile; fileRef = 4CCB327127D4975F002F5EDA /* ContentView.swift */; };
		4CCB327427D49760002F5EDA /* Assets.xcassets in Resources */ = {isa = PBXBuildFile; fileRef = 4CCB327327D49760002F5EDA /* Assets.xcassets */; };
		4CCB327727D49760002F5EDA /* Preview Assets.xcassets in Resources */ = {isa = PBXBuildFile; fileRef = 4CCB327627D49760002F5EDA /* Preview Assets.xcassets */; };
		4CD4CE692EF2BD8C00F3AF9C /* SettingsRepository.swift in Sources */ = {isa = PBXBuildFile; fileRef = 4CD4CE682EF2BD8C00F3AF9C /* SettingsRepository.swift */; };
		4CD4CE6B2EF2D1D600F3AF9C /* Settings.swift in Sources */ = {isa = PBXBuildFile; fileRef = 4CD4CE6A2EF2D1D600F3AF9C /* Settings.swift */; };
		4CD4CE6D2EF2D8D100F3AF9C /* AudioFileSelectorView.swift in Sources */ = {isa = PBXBuildFile; fileRef = 4CD4CE6C2EF2D8D100F3AF9C /* AudioFileSelectorView.swift */; };
		4CDAE8B22E2C00C2003216F8 /* AudioRangeSlider.swift in Sources */ = {isa = PBXBuildFile; fileRef = 4CDAE8B12E2C00C2003216F8 /* AudioRangeSlider.swift */; };
		4CDAE8B82E2C0274003216F8 /* AudioControlsView.swift in Sources */ = {isa = PBXBuildFile; fileRef = 4CDAE8B32E2C0274003216F8 /* AudioControlsView.swift */; };
		4CDAE8B92E2C0274003216F8 /* AudioEffectsView.swift in Sources */ = {isa = PBXBuildFile; fileRef = 4CDAE8B42E2C0274003216F8 /* AudioEffectsView.swift */; };
		4CDAE8BA2E2C0274003216F8 /* AudioEngine.swift in Sources */ = {isa = PBXBuildFile; fileRef = 4CDAE8B52E2C0274003216F8 /* AudioEngine.swift */; };
		4CDAE8BC2E2C0274003216F8 /* AudioSpectrumView.swift in Sources */ = {isa = PBXBuildFile; fileRef = 4CDAE8B62E2C0274003216F8 /* AudioSpectrumView.swift */; };
/* End PBXBuildFile section */

/* Begin PBXFileReference section */
		4C4D7AC827D4E8B4002B4CA6 /* README.md */ = {isa = PBXFileReference; fileEncoding = 4; lastKnownFileType = net.daringfireball.markdown; path = README.md; sourceTree = "<group>"; };
		4C4D7ACA27D4EC72002B4CA6 /* LICENSE */ = {isa = PBXFileReference; fileEncoding = 4; lastKnownFileType = text; path = LICENSE; sourceTree = "<group>"; };
		4C4D7ACE27D517CD002B4CA6 /* AudioVariables.gif */ = {isa = PBXFileReference; lastKnownFileType = image.gif; path = AudioVariables.gif; sourceTree = "<group>"; };
		4CCB326C27D4975F002F5EDA /* AudioVariables.app */ = {isa = PBXFileReference; explicitFileType = wrapper.application; includeInIndex = 0; path = AudioVariables.app; sourceTree = BUILT_PRODUCTS_DIR; };
		4CCB326F27D4975F002F5EDA /* AudioVariablesApp.swift */ = {isa = PBXFileReference; lastKnownFileType = sourcecode.swift; path = AudioVariablesApp.swift; sourceTree = "<group>"; };
		4CCB327127D4975F002F5EDA /* ContentView.swift */ = {isa = PBXFileReference; lastKnownFileType = sourcecode.swift; path = ContentView.swift; sourceTree = "<group>"; };
		4CCB327327D49760002F5EDA /* Assets.xcassets */ = {isa = PBXFileReference; lastKnownFileType = folder.assetcatalog; path = Assets.xcassets; sourceTree = "<group>"; };
		4CCB327627D49760002F5EDA /* Preview Assets.xcassets */ = {isa = PBXFileReference; lastKnownFileType = folder.assetcatalog; path = "Preview Assets.xcassets"; sourceTree = "<group>"; };
		4CCB327827D49760002F5EDA /* AudioVariables.entitlements */ = {isa = PBXFileReference; lastKnownFileType = text.plist.entitlements; path = AudioVariables.entitlements; sourceTree = "<group>"; };
		4CD4CE682EF2BD8C00F3AF9C /* SettingsRepository.swift */ = {isa = PBXFileReference; lastKnownFileType = sourcecode.swift; path = SettingsRepository.swift; sourceTree = "<group>"; };
		4CD4CE6A2EF2D1D600F3AF9C /* Settings.swift */ = {isa = PBXFileReference; lastKnownFileType = sourcecode.swift; path = Settings.swift; sourceTree = "<group>"; };
		4CD4CE6C2EF2D8D100F3AF9C /* AudioFileSelectorView.swift */ = {isa = PBXFileReference; lastKnownFileType = sourcecode.swift; path = AudioFileSelectorView.swift; sourceTree = "<group>"; };
		4CDAE8B12E2C00C2003216F8 /* AudioRangeSlider.swift */ = {isa = PBXFileReference; lastKnownFileType = sourcecode.swift; path = AudioRangeSlider.swift; sourceTree = "<group>"; };
		4CDAE8B32E2C0274003216F8 /* AudioControlsView.swift */ = {isa = PBXFileReference; lastKnownFileType = sourcecode.swift; path = AudioControlsView.swift; sourceTree = "<group>"; };
		4CDAE8B42E2C0274003216F8 /* AudioEffectsView.swift */ = {isa = PBXFileReference; lastKnownFileType = sourcecode.swift; path = AudioEffectsView.swift; sourceTree = "<group>"; };
		4CDAE8B52E2C0274003216F8 /* AudioEngine.swift */ = {isa = PBXFileReference; lastKnownFileType = sourcecode.swift; path = AudioEngine.swift; sourceTree = "<group>"; };
		4CDAE8B62E2C0274003216F8 /* AudioSpectrumView.swift */ = {isa = PBXFileReference; lastKnownFileType = sourcecode.swift; path = AudioSpectrumView.swift; sourceTree = "<group>"; };
/* End PBXFileReference section */

/* Begin PBXFrameworksBuildPhase section */
		4CCB326927D4975F002F5EDA /* Frameworks */ = {
			isa = PBXFrameworksBuildPhase;
			buildActionMask = 2147483647;
			files = (
			);
			runOnlyForDeploymentPostprocessing = 0;
		};
/* End PBXFrameworksBuildPhase section */

/* Begin PBXGroup section */
		4CCB326327D4975E002F5EDA = {
			isa = PBXGroup;
			children = (
				4C4D7ACA27D4EC72002B4CA6 /* LICENSE */,
				4C4D7AC827D4E8B4002B4CA6 /* README.md */,
				4C4D7ACE27D517CD002B4CA6 /* AudioVariables.gif */,
				4CCB326E27D4975F002F5EDA /* AudioVariables */,
				4CCB326D27D4975F002F5EDA /* Products */,
			);
			sourceTree = "<group>";
		};
		4CCB326D27D4975F002F5EDA /* Products */ = {
			isa = PBXGroup;
			children = (
				4CCB326C27D4975F002F5EDA /* AudioVariables.app */,
			);
			name = Products;
			sourceTree = "<group>";
		};
		4CCB326E27D4975F002F5EDA /* AudioVariables */ = {
			isa = PBXGroup;
			children = (
				4CDAE8B32E2C0274003216F8 /* AudioControlsView.swift */,
				4CDAE8B52E2C0274003216F8 /* AudioEngine.swift */,
				4CDAE8B42E2C0274003216F8 /* AudioEffectsView.swift */,
				4CD4CE6C2EF2D8D100F3AF9C /* AudioFileSelectorView.swift */,
				4CDAE8B12E2C00C2003216F8 /* AudioRangeSlider.swift */,
				4CDAE8B62E2C0274003216F8 /* AudioSpectrumView.swift */,
				4CCB326F27D4975F002F5EDA /* AudioVariablesApp.swift */,
				4CCB327127D4975F002F5EDA /* ContentView.swift */,
				4CD4CE6A2EF2D1D600F3AF9C /* Settings.swift */,
				4CD4CE682EF2BD8C00F3AF9C /* SettingsRepository.swift */,
				4CCB327327D49760002F5EDA /* Assets.xcassets */,
				4CCB327827D49760002F5EDA /* AudioVariables.entitlements */,
				4CCB327527D49760002F5EDA /* Preview Content */,
			);
			path = AudioVariables;
			sourceTree = "<group>";
		};
		4CCB327527D49760002F5EDA /* Preview Content */ = {
			isa = PBXGroup;
			children = (
				4CCB327627D49760002F5EDA /* Preview Assets.xcassets */,
			);
			path = "Preview Content";
			sourceTree = "<group>";
		};
/* End PBXGroup section */

/* Begin PBXNativeTarget section */
		4CCB326B27D4975F002F5EDA /* AudioVariables */ = {
			isa = PBXNativeTarget;
			buildConfigurationList = 4CCB327B27D49760002F5EDA /* Build configuration list for PBXNativeTarget "AudioVariables" */;
			buildPhases = (
				4CCB326827D4975F002F5EDA /* Sources */,
				4CCB326927D4975F002F5EDA /* Frameworks */,
				4CCB326A27D4975F002F5EDA /* Resources */,
			);
			buildRules = (
			);
			dependencies = (
			);
			name = AudioVariables;
			productName = AudioVariables;
			productReference = 4CCB326C27D4975F002F5EDA /* AudioVariables.app */;
			productType = "com.apple.product-type.application";
		};
/* End PBXNativeTarget section */

/* Begin PBXProject section */
		4CCB326427D4975E002F5EDA /* Project object */ = {
			isa = PBXProject;
			attributes = {
				BuildIndependentTargetsInParallel = 1;
				LastSwiftUpdateCheck = 1320;
				LastUpgradeCheck = 2620;
				TargetAttributes = {
					4CCB326B27D4975F002F5EDA = {
						CreatedOnToolsVersion = 13.2.1;
					};
				};
			};
			buildConfigurationList = 4CCB326727D4975E002F5EDA /* Build configuration list for PBXProject "AudioVariables" */;
			compatibilityVersion = "Xcode 13.0";
			developmentRegion = en;
			hasScannedForEncodings = 0;
			knownRegions = (
				en,
				Base,
			);
			mainGroup = 4CCB326327D4975E002F5EDA;
			productRefGroup = 4CCB326D27D4975F002F5EDA /* Products */;
			projectDirPath = "";
			projectRoot = "";
			targets = (
				4CCB326B27D4975F002F5EDA /* AudioVariables */,
			);
		};
/* End PBXProject section */

/* Begin PBXResourcesBuildPhase section */
		4CCB326A27D4975F002F5EDA /* Resources */ = {
			isa = PBXResourcesBuildPhase;
			buildActionMask = 2147483647;
			files = (
				4C4D7AC927D4E8B4002B4CA6 /* README.md in Resources */,
				4C4D7ACF27D517CE002B4CA6 /* AudioVariables.gif in Resources */,
				4CCB327727D49760002F5EDA /* Preview Assets.xcassets in Resources */,
				4C4D7ACB27D4EC72002B4CA6 /* LICENSE in Resources */,
				4CCB327427D49760002F5EDA /* Assets.xcassets in Resources */,
			);
			runOnlyForDeploymentPostprocessing = 0;
		};
/* End PBXResourcesBuildPhase section */

/* Begin PBXSourcesBuildPhase section */
		4CCB326827D4975F002F5EDA /* Sources */ = {
			isa = PBXSourcesBuildPhase;
			buildActionMask = 2147483647;
			files = (
				4CDAE8B82E2C0274003216F8 /* AudioControlsView.swift in Sources */,
				4CDAE8B92E2C0274003216F8 /* AudioEffectsView.swift in Sources */,
				4CDAE8BA2E2C0274003216F8 /* AudioEngine.swift in Sources */,
				4CD4CE6B2EF2D1D600F3AF9C /* Settings.swift in Sources */,
				4CDAE8BC2E2C0274003216F8 /* AudioSpectrumView.swift in Sources */,
				4CD4CE6D2EF2D8D100F3AF9C /* AudioFileSelectorView.swift in Sources */,
				4CD4CE692EF2BD8C00F3AF9C /* SettingsRepository.swift in Sources */,
				4CCB327227D4975F002F5EDA /* ContentView.swift in Sources */,
				4CDAE8B22E2C00C2003216F8 /* AudioRangeSlider.swift in Sources */,
				4CCB327027D4975F002F5EDA /* AudioVariablesApp.swift in Sources */,
			);
			runOnlyForDeploymentPostprocessing = 0;
		};
/* End PBXSourcesBuildPhase section */

/* Begin XCBuildConfiguration section */
		4CCB327927D49760002F5EDA /* Debug */ = {
			isa = XCBuildConfiguration;
			buildSettings = {
				ALWAYS_SEARCH_USER_PATHS = NO;
				ASSETCATALOG_COMPILER_GENERATE_SWIFT_ASSET_SYMBOL_EXTENSIONS = YES;
				CLANG_ANALYZER_NONNULL = YES;
				CLANG_ANALYZER_NUMBER_OBJECT_CONVERSION = YES_AGGRESSIVE;
				CLANG_CXX_LANGUAGE_STANDARD = "gnu++17";
				CLANG_CXX_LIBRARY = "libc++";
				CLANG_ENABLE_MODULES = YES;
				CLANG_ENABLE_OBJC_ARC = YES;
				CLANG_ENABLE_OBJC_WEAK = YES;
				CLANG_WARN_BLOCK_CAPTURE_AUTORELEASING = YES;
				CLANG_WARN_BOOL_CONVERSION = YES;
				CLANG_WARN_COMMA = YES;
				CLANG_WARN_CONSTANT_CONVERSION = YES;
				CLANG_WARN_DEPRECATED_OBJC_IMPLEMENTATIONS = YES;
				CLANG_WARN_DIRECT_OBJC_ISA_USAGE = YES_ERROR;
				CLANG_WARN_DOCUMENTATION_COMMENTS = YES;
				CLANG_WARN_EMPTY_BODY = YES;
				CLANG_WARN_ENUM_CONVERSION = YES;
				CLANG_WARN_INFINITE_RECURSION = YES;
				CLANG_WARN_INT_CONVERSION = YES;
				CLANG_WARN_NON_LITERAL_NULL_CONVERSION = YES;
				CLANG_WARN_OBJC_IMPLICIT_RETAIN_SELF = YES;
				CLANG_WARN_OBJC_LITERAL_CONVERSION = YES;
				CLANG_WARN_OBJC_ROOT_CLASS = YES_ERROR;
				CLANG_WARN_QUOTED_INCLUDE_IN_FRAMEWORK_HEADER = YES;
				CLANG_WARN_RANGE_LOOP_ANALYSIS = YES;
				CLANG_WARN_STRICT_PROTOTYPES = YES;
				CLANG_WARN_SUSPICIOUS_MOVE = YES;
				CLANG_WARN_UNGUARDED_AVAILABILITY = YES_AGGRESSIVE;
				CLANG_WARN_UNREACHABLE_CODE = YES;
				CLANG_WARN__DUPLICATE_METHOD_MATCH = YES;
				COPY_PHASE_STRIP = NO;
				DEAD_CODE_STRIPPING = YES;
				DEBUG_INFORMATION_FORMAT = dwarf;
				ENABLE_STRICT_OBJC_MSGSEND = YES;
				ENABLE_TESTABILITY = YES;
				ENABLE_USER_SCRIPT_SANDBOXING = YES;
				GCC_C_LANGUAGE_STANDARD = gnu11;
				GCC_DYNAMIC_NO_PIC = NO;
				GCC_NO_COMMON_BLOCKS = YES;
				GCC_OPTIMIZATION_LEVEL = 0;
				GCC_PREPROCESSOR_DEFINITIONS = (
					"DEBUG=1",
					"$(inherited)",
				);
				GCC_WARN_64_TO_32_BIT_CONVERSION = YES;
				GCC_WARN_ABOUT_RETURN_TYPE = YES_ERROR;
				GCC_WARN_UNDECLARED_SELECTOR = YES;
				GCC_WARN_UNINITIALIZED_AUTOS = YES_AGGRESSIVE;
				GCC_WARN_UNUSED_FUNCTION = YES;
				GCC_WARN_UNUSED_VARIABLE = YES;
				MACOSX_DEPLOYMENT_TARGET = 12.1;
				MTL_ENABLE_DEBUG_INFO = INCLUDE_SOURCE;
				MTL_FAST_MATH = YES;
				ONLY_ACTIVE_ARCH = YES;
				SDKROOT = macosx;
				STRING_CATALOG_GENERATE_SYMBOLS = YES;
				SWIFT_ACTIVE_COMPILATION_CONDITIONS = DEBUG;
				SWIFT_OPTIMIZATION_LEVEL = "-Onone";
			};
			name = Debug;
		};
		4CCB327A27D49760002F5EDA /* Release */ = {
			isa = XCBuildConfiguration;
			buildSettings = {
				ALWAYS_SEARCH_USER_PATHS = NO;
				ASSETCATALOG_COMPILER_GENERATE_SWIFT_ASSET_SYMBOL_EXTENSIONS = YES;
				CLANG_ANALYZER_NONNULL = YES;
				CLANG_ANALYZER_NUMBER_OBJECT_CONVERSION = YES_AGGRESSIVE;
				CLANG_CXX_LANGUAGE_STANDARD = "gnu++17";
				CLANG_CXX_LIBRARY = "libc++";
				CLANG_ENABLE_MODULES = YES;
				CLANG_ENABLE_OBJC_ARC = YES;
				CLANG_ENABLE_OBJC_WEAK = YES;
				CLANG_WARN_BLOCK_CAPTURE_AUTORELEASING = YES;
				CLANG_WARN_BOOL_CONVERSION = YES;
				CLANG_WARN_COMMA = YES;
				CLANG_WARN_CONSTANT_CONVERSION = YES;
				CLANG_WARN_DEPRECATED_OBJC_IMPLEMENTATIONS = YES;
				CLANG_WARN_DIRECT_OBJC_ISA_USAGE = YES_ERROR;
				CLANG_WARN_DOCUMENTATION_COMMENTS = YES;
				CLANG_WARN_EMPTY_BODY = YES;
				CLANG_WARN_ENUM_CONVERSION = YES;
				CLANG_WARN_INFINITE_RECURSION = YES;
				CLANG_WARN_INT_CONVERSION = YES;
				CLANG_WARN_NON_LITERAL_NULL_CONVERSION = YES;
				CLANG_WARN_OBJC_IMPLICIT_RETAIN_SELF = YES;
				CLANG_WARN_OBJC_LITERAL_CONVERSION = YES;
				CLANG_WARN_OBJC_ROOT_CLASS = YES_ERROR;
				CLANG_WARN_QUOTED_INCLUDE_IN_FRAMEWORK_HEADER = YES;
				CLANG_WARN_RANGE_LOOP_ANALYSIS = YES;
				CLANG_WARN_STRICT_PROTOTYPES = YES;
				CLANG_WARN_SUSPICIOUS_MOVE = YES;
				CLANG_WARN_UNGUARDED_AVAILABILITY = YES_AGGRESSIVE;
				CLANG_WARN_UNREACHABLE_CODE = YES;
				CLANG_WARN__DUPLICATE_METHOD_MATCH = YES;
				COPY_PHASE_STRIP = NO;
				DEAD_CODE_STRIPPING = YES;
				DEBUG_INFORMATION_FORMAT = "dwarf-with-dsym";
				ENABLE_NS_ASSERTIONS = NO;
				ENABLE_STRICT_OBJC_MSGSEND = YES;
				ENABLE_USER_SCRIPT_SANDBOXING = YES;
				GCC_C_LANGUAGE_STANDARD = gnu11;
				GCC_NO_COMMON_BLOCKS = YES;
				GCC_WARN_64_TO_32_BIT_CONVERSION = YES;
				GCC_WARN_ABOUT_RETURN_TYPE = YES_ERROR;
				GCC_WARN_UNDECLARED_SELECTOR = YES;
				GCC_WARN_UNINITIALIZED_AUTOS = YES_AGGRESSIVE;
				GCC_WARN_UNUSED_FUNCTION = YES;
				GCC_WARN_UNUSED_VARIABLE = YES;
				MACOSX_DEPLOYMENT_TARGET = 12.1;
				MTL_ENABLE_DEBUG_INFO = NO;
				MTL_FAST_MATH = YES;
				SDKROOT = macosx;
				STRING_CATALOG_GENERATE_SYMBOLS = YES;
				SWIFT_COMPILATION_MODE = wholemodule;
				SWIFT_OPTIMIZATION_LEVEL = "-O";
			};
			name = Release;
		};
		4CCB327C27D49760002F5EDA /* Debug */ = {
			isa = XCBuildConfiguration;
			buildSettings = {
				ASSETCATALOG_COMPILER_APPICON_NAME = AppIcon;
				ASSETCATALOG_COMPILER_GLOBAL_ACCENT_COLOR_NAME = AccentColor;
				CODE_SIGN_ENTITLEMENTS = AudioVariables/AudioVariables.entitlements;
				CODE_SIGN_STYLE = Automatic;
				COMBINE_HIDPI_IMAGES = YES;
				CURRENT_PROJECT_VERSION = 1;
				DEAD_CODE_STRIPPING = YES;
				DEVELOPMENT_ASSET_PATHS = "\"AudioVariables/Preview Content\"";
				ENABLE_APP_SANDBOX = YES;
				ENABLE_FILE_ACCESS_DOWNLOADS_FOLDER = readonly;
				ENABLE_FILE_ACCESS_MUSIC_FOLDER = readonly;
				ENABLE_INCOMING_NETWORK_CONNECTIONS = NO;
				ENABLE_OUTGOING_NETWORK_CONNECTIONS = NO;
				ENABLE_PREVIEWS = YES;
				ENABLE_RESOURCE_ACCESS_AUDIO_INPUT = NO;
				ENABLE_RESOURCE_ACCESS_BLUETOOTH = NO;
				ENABLE_RESOURCE_ACCESS_CALENDARS = NO;
				ENABLE_RESOURCE_ACCESS_CAMERA = NO;
				ENABLE_RESOURCE_ACCESS_CONTACTS = NO;
				ENABLE_RESOURCE_ACCESS_LOCATION = NO;
				ENABLE_RESOURCE_ACCESS_PRINTING = NO;
				ENABLE_RESOURCE_ACCESS_USB = NO;
				ENABLE_USER_SELECTED_FILES = readonly;
				GENERATE_INFOPLIST_FILE = YES;
				INFOPLIST_KEY_LSApplicationCategoryType = "public.app-category.music";
				INFOPLIST_KEY_NSHumanReadableCopyright = "";
				LD_RUNPATH_SEARCH_PATHS = (
					"$(inherited)",
					"@executable_path/../Frameworks",
				);
				MARKETING_VERSION = 2.1;
				PRODUCT_BUNDLE_IDENTIFIER = donateware.AudioVariables;
				PRODUCT_NAME = "$(TARGET_NAME)";
				SWIFT_EMIT_LOC_STRINGS = YES;
				SWIFT_VERSION = 5.0;
			};
			name = Debug;
		};
		4CCB327D27D49760002F5EDA /* Release */ = {
			isa = XCBuildConfiguration;
			buildSettings = {
				ASSETCATALOG_COMPILER_APPICON_NAME = AppIcon;
				ASSETCATALOG_COMPILER_GLOBAL_ACCENT_COLOR_NAME = AccentColor;
				CODE_SIGN_ENTITLEMENTS = AudioVariables/AudioVariables.entitlements;
				CODE_SIGN_STYLE = Automatic;
				COMBINE_HIDPI_IMAGES = YES;
				CURRENT_PROJECT_VERSION = 1;
				DEAD_CODE_STRIPPING = YES;
				DEVELOPMENT_ASSET_PATHS = "\"AudioVariables/Preview Content\"";
				ENABLE_APP_SANDBOX = YES;
				ENABLE_FILE_ACCESS_MUSIC_FOLDER = readonly;
				ENABLE_INCOMING_NETWORK_CONNECTIONS = NO;
				ENABLE_OUTGOING_NETWORK_CONNECTIONS = NO;
				ENABLE_PREVIEWS = YES;
				ENABLE_RESOURCE_ACCESS_AUDIO_INPUT = NO;
				ENABLE_RESOURCE_ACCESS_BLUETOOTH = NO;
				ENABLE_RESOURCE_ACCESS_CALENDARS = NO;
				ENABLE_RESOURCE_ACCESS_CAMERA = NO;
				ENABLE_RESOURCE_ACCESS_CONTACTS = NO;
				ENABLE_RESOURCE_ACCESS_LOCATION = NO;
				ENABLE_RESOURCE_ACCESS_PRINTING = NO;
				ENABLE_RESOURCE_ACCESS_USB = NO;
				ENABLE_USER_SELECTED_FILES = readonly;
				GENERATE_INFOPLIST_FILE = YES;
				INFOPLIST_KEY_LSApplicationCategoryType = "public.app-category.music";
				INFOPLIST_KEY_NSHumanReadableCopyright = "";
				LD_RUNPATH_SEARCH_PATHS = (
					"$(inherited)",
					"@executable_path/../Frameworks",
				);
				MARKETING_VERSION = 2.1;
				PRODUCT_BUNDLE_IDENTIFIER = donateware.AudioVariables;
				PRODUCT_NAME = "$(TARGET_NAME)";
				SWIFT_EMIT_LOC_STRINGS = YES;
				SWIFT_VERSION = 5.0;
			};
			name = Release;
		};
/* End XCBuildConfiguration section */

/* Begin XCConfigurationList section */
		4CCB326727D4975E002F5EDA /* Build configuration list for PBXProject "AudioVariables" */ = {
			isa = XCConfigurationList;
			buildConfigurations = (
				4CCB327927D49760002F5EDA /* Debug */,
				4CCB327A27D49760002F5EDA /* Release */,
			);
			defaultConfigurationIsVisible = 0;
			defaultConfigurationName = Release;
		};
		4CCB327B27D49760002F5EDA /* Build configuration list for PBXNativeTarget "AudioVariables" */ = {
			isa = XCConfigurationList;
			buildConfigurations = (
				4CCB327C27D49760002F5EDA /* Debug */,
				4CCB327D27D49760002F5EDA /* Release */,
			);
			defaultConfigurationIsVisible = 0;
			defaultConfigurationName = Release;
		};
/* End XCConfigurationList section */
	};
	rootObject = 4CCB326427D4975E002F5EDA /* Project object */;
}
